# This file is automatically @generated by Cargo.
# It is not intended for manual editing.
version = 4

[[package]]
name = "adler2"
version = "2.0.0"
source = "registry+https://github.com/rust-lang/crates.io-index"
checksum = "512761e0bb2578dd7380c6baaa0f4ce03e84f95e960231d1dec8bf4d7d6e2627"

[[package]]
name = "agb"
version = "0.22.2"
source = "registry+https://github.com/rust-lang/crates.io-index"
checksum = "0427189282c6a09f6d30c7e6c5a68590ec586adb8cc2a0072f63ec9a0bb80948"
dependencies = [
 "agb_fixnum",
 "agb_hashmap",
 "agb_image_converter",
 "agb_macros",
 "agb_sound_converter",
 "bilge",
 "bitflags 2.9.1",
 "critical-section",
 "once_cell",
 "portable-atomic",
 "qrcodegen-no-heap",
]

[[package]]
name = "agb_fixnum"
version = "0.22.2"
source = "registry+https://github.com/rust-lang/crates.io-index"
checksum = "c38b06bd99e17230c451c4f89db1660d63dd2bfbc2f795eae6f65341ab68fbf7"
dependencies = [
 "const_soft_float",
 "num-traits",
 "quote",
]

[[package]]
name = "agb_hashmap"
version = "0.22.2"
source = "registry+https://github.com/rust-lang/crates.io-index"
checksum = "f4df990174028090f61d20abb38df662ace65ed15099cd19f02a4944b8d8449e"
dependencies = [
 "rustc-hash",
]

[[package]]
name = "agb_image_converter"
version = "0.22.2"
source = "registry+https://github.com/rust-lang/crates.io-index"
checksum = "8af2a238c7537ecf5ea51137f2cfed72c86d9ec60a3b318c86f66f92558f6c17"
dependencies = [
 "asefile",
 "fontdue",
 "image",
 "pagination-packing",
 "proc-macro2",
 "quote",
 "snafu",
 "syn",
]

[[package]]
name = "agb_macros"
version = "0.22.2"
source = "registry+https://github.com/rust-lang/crates.io-index"
checksum = "f07745ef20adc7c145fe1f31d0859a79217bd4635ba1594bae2bf120a151b61f"
dependencies = [
 "proc-macro2",
 "quote",
 "syn",
]

[[package]]
name = "agb_sound_converter"
version = "0.22.2"
source = "registry+https://github.com/rust-lang/crates.io-index"
checksum = "e08d8b22b009f39ed0e1c2207ebdbf3f12c3218c036b317d94cffd23af78a119"
dependencies = [
 "hound",
 "proc-macro2",
 "quote",
 "syn",
]

[[package]]
name = "allocator-api2"
version = "0.2.21"
source = "registry+https://github.com/rust-lang/crates.io-index"
checksum = "683d7910e743518b0e34f1186f92494becacb047c7b6bf616c96772180fef923"

[[package]]
name = "arbitrary-int"
version = "1.3.0"
source = "registry+https://github.com/rust-lang/crates.io-index"
checksum = "825297538d77367557b912770ca3083f778a196054b3ee63b22673c4a3cae0a5"

[[package]]
name = "asefile"
version = "0.3.8"
source = "registry+https://github.com/rust-lang/crates.io-index"
checksum = "556cab74f613f2bcf3ab5dc5bbd2220fe2e1a4e7380fbaff96c5333a117066b4"
dependencies = [
 "bitflags 2.9.1",
 "byteorder",
 "flate2",
 "image",
 "log",
 "nohash",
]

[[package]]
name = "autocfg"
version = "1.4.0"
source = "registry+https://github.com/rust-lang/crates.io-index"
checksum = "ace50bade8e6234aa140d9a2f552bbee1db4d353f69b8217bc503490fc1a9f26"

[[package]]
name = "bilge"
version = "0.2.0"
source = "registry+https://github.com/rust-lang/crates.io-index"
checksum = "dc707ed8ebf81de5cd6c7f48f54b4c8621760926cdf35a57000747c512e67b57"
dependencies = [
 "arbitrary-int",
 "bilge-impl",
]

[[package]]
name = "bilge-impl"
version = "0.2.0"
source = "registry+https://github.com/rust-lang/crates.io-index"
checksum = "feb11e002038ad243af39c2068c8a72bcf147acf05025dcdb916fcc000adb2d8"
dependencies = [
 "itertools",
 "proc-macro-error",
 "proc-macro2",
 "quote",
 "syn",
]

[[package]]
name = "bitflags"
version = "1.3.2"
source = "registry+https://github.com/rust-lang/crates.io-index"
checksum = "bef38d45163c2f1dde094a7dfd33ccf595c92905c8f8f4fdc18d06fb1037718a"

[[package]]
name = "bitflags"
version = "2.9.1"
source = "registry+https://github.com/rust-lang/crates.io-index"
checksum = "1b8e56985ec62d17e9c1001dc89c88ecd7dc08e47eba5ec7c29c7b5eeecde967"

[[package]]
name = "bytemuck"
version = "1.23.0"
source = "registry+https://github.com/rust-lang/crates.io-index"
checksum = "9134a6ef01ce4b366b50689c94f82c14bc72bc5d0386829828a2e2752ef7958c"

[[package]]
name = "byteorder"
version = "1.5.0"
source = "registry+https://github.com/rust-lang/crates.io-index"
checksum = "1fd0f2584146f6f2ef48085050886acf353beff7305ebd1ae69500e27c67f64b"

[[package]]
name = "cfg-if"
version = "1.0.0"
source = "registry+https://github.com/rust-lang/crates.io-index"
checksum = "baf1de4339761588bc0619e3cbc0120ee582ebb74b53b4efbf79117bd2da40fd"

[[package]]
name = "color_quant"
version = "1.1.0"
source = "registry+https://github.com/rust-lang/crates.io-index"
checksum = "3d7b894f5411737b7867f4827955924d7c254fc9f4d91a6aad6b097804b1018b"

[[package]]
name = "const_soft_float"
version = "0.1.4"
source = "registry+https://github.com/rust-lang/crates.io-index"
checksum = "87ca1caa64ef4ed453e68bb3db612e51cf1b2f5b871337f0fcab1c8f87cc3dff"

[[package]]
name = "crc32fast"
version = "1.4.2"
source = "registry+https://github.com/rust-lang/crates.io-index"
checksum = "a97769d94ddab943e4510d138150169a2758b5ef3eb191a9ee688de3e23ef7b3"
dependencies = [
 "cfg-if",
]

[[package]]
name = "critical-section"
version = "1.2.0"
source = "registry+https://github.com/rust-lang/crates.io-index"
checksum = "790eea4361631c5e7d22598ecd5723ff611904e3344ce8720784c93e3d83d40b"

[[package]]
name = "either"
version = "1.15.0"
source = "registry+https://github.com/rust-lang/crates.io-index"
checksum = "48c757948c5ede0e46177b7add2e67155f70e33c07fea8284df6576da70b3719"

[[package]]
name = "equivalent"
version = "1.0.2"
source = "registry+https://github.com/rust-lang/crates.io-index"
checksum = "877a4ace8713b0bcf2a4e7eec82529c029f1d0619886d18145fea96c3ffe5c0f"

[[package]]
name = "fdeflate"
version = "0.3.7"
source = "registry+https://github.com/rust-lang/crates.io-index"
checksum = "1e6853b52649d4ac5c0bd02320cddc5ba956bdb407c4b75a2c6b75bf51500f8c"
dependencies = [
 "simd-adler32",
]

[[package]]
name = "flate2"
version = "1.1.1"
source = "registry+https://github.com/rust-lang/crates.io-index"
checksum = "7ced92e76e966ca2fd84c8f7aa01a4aea65b0eb6648d72f7c8f3e2764a67fece"
dependencies = [
 "crc32fast",
 "miniz_oxide",
]

[[package]]
name = "foldhash"
version = "0.1.5"
source = "registry+https://github.com/rust-lang/crates.io-index"
checksum = "d9c4f5dac5e15c24eb999c26181a6ca40b39fe946cbe4c263c7209467bc83af2"

[[package]]
name = "fontdue"
version = "0.9.3"
source = "registry+https://github.com/rust-lang/crates.io-index"
checksum = "2e57e16b3fe8ff4364c0661fdaac543fb38b29ea9bc9c2f45612d90adf931d2b"
dependencies = [
 "hashbrown",
 "ttf-parser",
]

[[package]]
name = "hashbrown"
version = "0.15.3"
source = "registry+https://github.com/rust-lang/crates.io-index"
checksum = "84b26c544d002229e640969970a2e74021aadf6e2f96372b9c58eff97de08eb3"
dependencies = [
 "allocator-api2",
 "equivalent",
 "foldhash",
]

[[package]]
name = "heck"
version = "0.5.0"
source = "registry+https://github.com/rust-lang/crates.io-index"
checksum = "2304e00983f87ffb38b55b444b5e3b60a884b5d30c0fca7d82fe33449bbe55ea"

[[package]]
name = "hound"
version = "3.5.1"
source = "registry+https://github.com/rust-lang/crates.io-index"
checksum = "62adaabb884c94955b19907d60019f4e145d091c75345379e70d1ee696f7854f"

[[package]]
name = "image"
version = "0.24.9"
source = "registry+https://github.com/rust-lang/crates.io-index"
checksum = "5690139d2f55868e080017335e4b94cb7414274c74f1669c84fb5feba2c9f69d"
dependencies = [
 "bytemuck",
 "byteorder",
 "color_quant",
 "num-traits",
 "png",
]

[[package]]
name = "itertools"
version = "0.11.0"
source = "registry+https://github.com/rust-lang/crates.io-index"
checksum = "b1c173a5686ce8bfa551b3563d0c2170bf24ca44da99c7ca4bfdab5418c3fe57"
dependencies = [
 "either",
]

[[package]]
name = "log"
version = "0.4.27"
source = "registry+https://github.com/rust-lang/crates.io-index"
checksum = "13dc2df351e3202783a1fe0d44375f7295ffb4049267b0f3018346dc122a1d94"

[[package]]
name = "miniz_oxide"
version = "0.8.8"
source = "registry+https://github.com/rust-lang/crates.io-index"
checksum = "3be647b768db090acb35d5ec5db2b0e1f1de11133ca123b9eacf5137868f892a"
dependencies = [
 "adler2",
 "simd-adler32",
]

[[package]]
name = "nohash"
version = "0.2.0"
source = "registry+https://github.com/rust-lang/crates.io-index"
checksum = "a0f889fb66f7acdf83442c35775764b51fed3c606ab9cee51500dbde2cf528ca"

[[package]]
name = "num-traits"
version = "0.2.19"
source = "registry+https://github.com/rust-lang/crates.io-index"
checksum = "071dfc062690e90b734c0b2273ce72ad0ffa95f0c74596bc250dcfd960262841"
dependencies = [
 "autocfg",
]

[[package]]
name = "once_cell"
version = "1.21.3"
source = "registry+https://github.com/rust-lang/crates.io-index"
checksum = "42f5e15c9953c5e4ccceeb2e7382a716482c34515315f7b03532b8b4e8393d2d"
dependencies = [
 "critical-section",
 "portable-atomic",
]

[[package]]
name = "pagination-packing"
version = "2.1.2"
source = "registry+https://github.com/rust-lang/crates.io-index"
checksum = "e44d669b8f726d91bf65d1f421e30723ea930e02765c01a2f9da554f58048dc3"

[[package]]
name = "png"
version = "0.17.16"
source = "registry+https://github.com/rust-lang/crates.io-index"
checksum = "82151a2fc869e011c153adc57cf2789ccb8d9906ce52c0b39a6b5697749d7526"
dependencies = [
 "bitflags 1.3.2",
 "crc32fast",
 "fdeflate",
 "flate2",
 "miniz_oxide",
]

[[package]]
name = "portable-atomic"
version = "1.11.0"
source = "registry+https://github.com/rust-lang/crates.io-index"
checksum = "350e9b48cbc6b0e028b0473b114454c6316e57336ee184ceab6e53f72c178b3e"

[[package]]
name = "proc-macro-error"
version = "1.0.4"
source = "registry+https://github.com/rust-lang/crates.io-index"
checksum = "da25490ff9892aab3fcf7c36f08cfb902dd3e71ca0f9f9517bea02a73a5ce38c"
dependencies = [
 "proc-macro-error-attr",
 "proc-macro2",
 "quote",
 "version_check",
]

[[package]]
name = "proc-macro-error-attr"
version = "1.0.4"
source = "registry+https://github.com/rust-lang/crates.io-index"
checksum = "a1be40180e52ecc98ad80b184934baf3d0d29f979574e439af5a55274b35f869"
dependencies = [
 "proc-macro2",
 "quote",
 "version_check",
]

[[package]]
name = "proc-macro2"
version = "1.0.95"
source = "registry+https://github.com/rust-lang/crates.io-index"
checksum = "02b3e5e68a3a1a02aad3ec490a98007cbc13c37cbe84a3cd7b8e406d76e7f778"
dependencies = [
 "unicode-ident",
]

[[package]]
name = "qrcodegen-no-heap"
version = "1.8.1"
source = "registry+https://github.com/rust-lang/crates.io-index"
checksum = "d0e2c0bf8be8a1c4a4f48973dabf26943f05da2bfc2d3180aae62409dbba6f0c"

[[package]]
name = "quote"
version = "1.0.40"
source = "registry+https://github.com/rust-lang/crates.io-index"
checksum = "1885c039570dc00dcb4ff087a89e185fd56bae234ddc7f056a945bf36467248d"
dependencies = [
 "proc-macro2",
]

[[package]]
name = "rustc-hash"
version = "1.1.0"
source = "registry+https://github.com/rust-lang/crates.io-index"
checksum = "08d43f7aa6b08d49f382cde6a7982047c3426db949b1424bc4b7ec9ae12c6ce2"

[[package]]
name = "saturn_engine"
version = "0.1.0"
dependencies = [
 "agb",
 "critical-section",
]

[[package]]
name = "simd-adler32"
version = "0.3.7"
source = "registry+https://github.com/rust-lang/crates.io-index"
checksum = "d66dc143e6b11c1eddc06d5c423cfc97062865baf299914ab64caa38182078fe"

[[package]]
name = "snafu"
version = "0.8.6"
source = "registry+https://github.com/rust-lang/crates.io-index"
checksum = "320b01e011bf8d5d7a4a4a4be966d9160968935849c83b918827f6a435e7f627"
dependencies = [
 "snafu-derive",
]

[[package]]
name = "snafu-derive"
version = "0.8.6"
source = "registry+https://github.com/rust-lang/crates.io-index"
checksum = "1961e2ef424c1424204d3a5d6975f934f56b6d50ff5732382d84ebf460e147f7"
dependencies = [
 "heck",
 "proc-macro2",
 "quote",
 "syn",
]

[[package]]
name = "syn"
version = "2.0.101"
source = "registry+https://github.com/rust-lang/crates.io-index"
checksum = "8ce2b7fc941b3a24138a0a7cf8e858bfc6a992e7978a068a5c760deb0ed43caf"
dependencies = [
 "proc-macro2",
 "quote",
 "unicode-ident",
]

[[package]]
name = "ttf-parser"
version = "0.21.1"
source = "registry+https://github.com/rust-lang/crates.io-index"
checksum = "2c591d83f69777866b9126b24c6dd9a18351f177e49d625920d19f989fd31cf8"

[[package]]
name = "unicode-ident"
version = "1.0.18"
source = "registry+https://github.com/rust-lang/crates.io-index"
checksum = "5a5f39404a5da50712a4c1eecf25e90dd62b613502b7e925fd4e4d19b5c96512"

[[package]]
name = "version_check"
version = "0.9.5"
source = "registry+https://github.com/rust-lang/crates.io-index"
checksum = "0b928f33d975fc6ad9f86c8f283853ad26bdd5b10b7f1542aa2fa15e2289105a"
